
Microsoft Visual Studio Solution File, Format Version 12.00
# Visual Studio 15
VisualStudioVersion = 15.0.28307.489
MinimumVisualStudioVersion = 10.0.40219.1
Project("{8BC9CEB8-8B4A-11D0-8D11-00A0C91BC942}") = "FluentTorrent", "FluentTorrent.vcxproj", "{5362E4D9-354F-4381-85AD-A5CC0374A99F}"
EndProject
Global
	GlobalSection(SolutionConfigurationPlatforms) = preSolution
		Debug|x64 = Debug|x64
		Debug|x86 = Debug|x86
		Release|x64 = Release|x64
		Release|x86 = Release|x86
	EndGlobalSection
	GlobalSection(ProjectConfigurationPlatforms) = postSolution
		{5362E4D9-354F-4381-85AD-A5CC0374A99F}.Debug|x64.ActiveCfg = Debug|x64
		{5362E4D9-354F-4381-85AD-A5CC0374A99F}.Debug|x64.Build.0 = Debug|x64
		{5362E4D9-354F-4381-85AD-A5CC0374A99F}.Debug|x86.ActiveCfg = Debug|Win32
		{5362E4D9-354F-4381-85AD-A5CC0374A99F}.Debug|x86.Build.0 = Debug|Win32
		{5362E4D9-354F-4381-85AD-A5CC0374A99F}.Release|x64.ActiveCfg = Release|x64
		{5362E4D9-354F-4381-85AD-A5CC0374A99F}.Release|x64.Build.0 = Release|x64
		{5362E4D9-354F-4381-85AD-A5CC0374A99F}.Release|x86.ActiveCfg = Release|Win32
		{5362E4D9-354F-4381-85AD-A5CC0374A99F}.Release|x86.Build.0 = Release|Win32
	EndGlobalSection
	GlobalSection(SolutionProperties) = preSolution
		HideSolutionNode = FALSE
	EndGlobalSection
	GlobalSection(ExtensibilityGlobals) = postSolution
		SolutionGuid = {6E2D3475-0A67-4C65-A11E-2217640DF97B}
	EndGlobalSection
EndGlobal
